// !$*UTF8*$!
{
	archiveVersion = 1;
	classes = {
	};
	objectVersion = 46;
	objects = {

/* Begin PBXBuildFile section */
		1EC621B61E25EC1E00A4FA0A /* AppDelegate.swift in Sources */ = {isa = PBXBuildFile; fileRef = 1EC621B51E25EC1E00A4FA0A /* AppDelegate.swift */; };
		1EC621BD1E25EC1E00A4FA0A /* Assets.xcassets in Resources */ = {isa = PBXBuildFile; fileRef = 1EC621BC1E25EC1E00A4FA0A /* Assets.xcassets */; };
		1EC621C01E25EC1E00A4FA0A /* LaunchScreen.storyboard in Resources */ = {isa = PBXBuildFile; fileRef = 1EC621BE1E25EC1E00A4FA0A /* LaunchScreen.storyboard */; };
		1EC621C81E25ECB400A4FA0A /* TableViewController.swift in Sources */ = {isa = PBXBuildFile; fileRef = 1EC621C71E25ECB400A4FA0A /* TableViewController.swift */; };
		1EC621CA1E25EF1000A4FA0A /* Person.swift in Sources */ = {isa = PBXBuildFile; fileRef = 1EC621C91E25EF1000A4FA0A /* Person.swift */; };
		1EC621CC1E26301F00A4FA0A /* DetailVC.swift in Sources */ = {isa = PBXBuildFile; fileRef = 1EC621CB1E26301F00A4FA0A /* DetailVC.swift */; };
		1EC621CE1E2632D600A4FA0A /* phone.png in Resources */ = {isa = PBXBuildFile; fileRef = 1EC621CD1E2632D600A4FA0A /* phone.png */; };
/* End PBXBuildFile section */

/* Begin PBXFileReference section */
		1EC621B21E25EC1E00A4FA0A /* SectionIndex.app */ = {isa = PBXFileReference; explicitFileType = wrapper.application; includeInIndex = 0; path = SectionIndex.app; sourceTree = BUILT_PRODUCTS_DIR; };
		1EC621B51E25EC1E00A4FA0A /* AppDelegate.swift */ = {isa = PBXFileReference; lastKnownFileType = sourcecode.swift; path = AppDelegate.swift; sourceTree = "<group>"; };
		1EC621BC1E25EC1E00A4FA0A /* Assets.xcassets */ = {isa = PBXFileReference; lastKnownFileType = folder.assetcatalog; path = Assets.xcassets; sourceTree = "<group>"; };
		1EC621BF1E25EC1E00A4FA0A /* Base */ = {isa = PBXFileReference; lastKnownFileType = file.storyboard; name = Base; path = Base.lproj/LaunchScreen.storyboard; sourceTree = "<group>"; };
		1EC621C11E25EC1E00A4FA0A /* Info.plist */ = {isa = PBXFileReference; lastKnownFileType = text.plist.xml; path = Info.plist; sourceTree = "<group>"; };
		1EC621C71E25ECB400A4FA0A /* TableViewController.swift */ = {isa = PBXFileReference; fileEncoding = 4; lastKnownFileType = sourcecode.swift; path = TableViewController.swift; sourceTree = "<group>"; };
		1EC621C91E25EF1000A4FA0A /* Person.swift */ = {isa = PBXFileReference; fileEncoding = 4; lastKnownFileType = sourcecode.swift; path = Person.swift; sourceTree = "<group>"; };
		1EC621CB1E26301F00A4FA0A /* DetailVC.swift */ = {isa = PBXFileReference; fileEncoding = 4; lastKnownFileType = sourcecode.swift; path = DetailVC.swift; sourceTree = "<group>"; };
		1EC621CD1E2632D600A4FA0A /* phone.png */ = {isa = PBXFileReference; lastKnownFileType = image.png; path = phone.png; sourceTree = "<group>"; };
/* End PBXFileReference section */

/* Begin PBXFrameworksBuildPhase section */
		1EC621AF1E25EC1E00A4FA0A /* Frameworks */ = {
			isa = PBXFrameworksBuildPhase;
			buildActionMask = 2147483647;
			files = (
			);
			runOnlyForDeploymentPostprocessing = 0;
		};
/* End PBXFrameworksBuildPhase section */

/* Begin PBXGroup section */
		1EC621A91E25EC1E00A4FA0A = {
			isa = PBXGroup;
			children = (
				1EC621B41E25EC1E00A4FA0A /* SectionIndex */,
				1EC621B31E25EC1E00A4FA0A /* Products */,
			);
			sourceTree = "<group>";
		};
		1EC621B31E25EC1E00A4FA0A /* Products */ = {
			isa = PBXGroup;
			children = (
				1EC621B21E25EC1E00A4FA0A /* SectionIndex.app */,
			);
			name = Products;
			sourceTree = "<group>";
		};
		1EC621B41E25EC1E00A4FA0A /* SectionIndex */ = {
			isa = PBXGroup;
			children = (
				1EC621CD1E2632D600A4FA0A /* phone.png */,
				1EC621B51E25EC1E00A4FA0A /* AppDelegate.swift */,
				1EC621C71E25ECB400A4FA0A /* TableViewController.swift */,
				1EC621BC1E25EC1E00A4FA0A /* Assets.xcassets */,
				1EC621BE1E25EC1E00A4FA0A /* LaunchScreen.storyboard */,
				1EC621C11E25EC1E00A4FA0A /* Info.plist */,
				1EC621C91E25EF1000A4FA0A /* Person.swift */,
				1EC621CB1E26301F00A4FA0A /* DetailVC.swift */,
			);
			path = SectionIndex;
			sourceTree = "<group>";
		};
/* End PBXGroup section */

/* Begin PBXNativeTarget section */
		1EC621B11E25EC1E00A4FA0A /* SectionIndex */ = {
			isa = PBXNativeTarget;
			buildConfigurationList = 1EC621C41E25EC1E00A4FA0A /* Build configuration list for PBXNativeTarget "SectionIndex" */;
			buildPhases = (
				1EC621AE1E25EC1E00A4FA0A /* Sources */,
				1EC621AF1E25EC1E00A4FA0A /* Frameworks */,
				1EC621B01E25EC1E00A4FA0A /* Resources */,
			);
			buildRules = (
			);
			dependencies = (
			);
			name = SectionIndex;
			productName = SectionIndex;
			productReference = 1EC621B21E25EC1E00A4FA0A /* SectionIndex.app */;
			productType = "com.apple.product-type.application";
		};
/* End PBXNativeTarget section */

/* Begin PBXProject section */
		1EC621AA1E25EC1E00A4FA0A /* Project object */ = {
			isa = PBXProject;
			attributes = {
				LastSwiftUpdateCheck = 0800;
				LastUpgradeCheck = 0800;
				ORGANIZATIONNAME = tek4fun;
				TargetAttributes = {
					1EC621B11E25EC1E00A4FA0A = {
						CreatedOnToolsVersion = 8.0;
						ProvisioningStyle = Automatic;
					};
				};
			};
			buildConfigurationList = 1EC621AD1E25EC1E00A4FA0A /* Build configuration list for PBXProject "SectionIndex" */;
			compatibilityVersion = "Xcode 3.2";
			developmentRegion = English;
			hasScannedForEncodings = 0;
			knownRegions = (
				en,
				Base,
			);
			mainGroup = 1EC621A91E25EC1E00A4FA0A;
			productRefGroup = 1EC621B31E25EC1E00A4FA0A /* Products */;
			projectDirPath = "";
			projectRoot = "";
			targets = (
				1EC621B11E25EC1E00A4FA0A /* SectionIndex */,
			);
		};
/* End PBXProject section */

/* Begin PBXResourcesBuildPhase section */
		1EC621B01E25EC1E00A4FA0A /* Resources */ = {
			isa = PBXResourcesBuildPhase;
			buildActionMask = 2147483647;
			files = (
				1EC621C01E25EC1E00A4FA0A /* LaunchScreen.storyboard in Resources */,
				1EC621BD1E25EC1E00A4FA0A /* Assets.xcassets in Resources */,
				1EC621CE1E2632D600A4FA0A /* phone.png in Resources */,
			);
			runOnlyForDeploymentPostprocessing = 0;
		};
/* End PBXResourcesBuildPhase section */

/* Begin PBXSourcesBuildPhase section */
		1EC621AE1E25EC1E00A4FA0A /* Sources */ = {
			isa = PBXSourcesBuildPhase;
			buildActionMask = 2147483647;
			files = (
				1EC621CA1E25EF1000A4FA0A /* Person.swift in Sources */,
				1EC621CC1E26301F00A4FA0A /* DetailVC.swift in Sources */,
				1EC621B61E25EC1E00A4FA0A /* AppDelegate.swift in Sources */,
				1EC621C81E25ECB400A4FA0A /* TableViewController.swift in Sources */,
			);
			runOnlyForDeploymentPostprocessing = 0;
		};
/* End PBXSourcesBuildPhase section */

/* Begin PBXVariantGroup section */
		1EC621BE1E25EC1E00A4FA0A /* LaunchScreen.storyboard */ = {
			isa = PBXVariantGroup;
			children = (
				1EC621BF1E25EC1E00A4FA0A /* Base */,
			);
			name = LaunchScreen.storyboard;
			sourceTree = "<group>";
		};
/* End PBXVariantGroup section */

/* Begin XCBuildConfiguration section */
		1EC621C21E25EC1E00A4FA0A /* Debug */ = {
			isa = XCBuildConfiguration;
			buildSettings = {
				ALWAYS_SEARCH_USER_PATHS = NO;
				CLANG_ANALYZER_NONNULL = YES;
				CLANG_CXX_LANGUAGE_STANDARD = "gnu++0x";
				CLANG_CXX_LIBRARY = "libc++";
				CLANG_ENABLE_MODULES = YES;
				CLANG_ENABLE_OBJC_ARC = YES;
				CLANG_WARN_BOOL_CONVERSION = YES;
				CLANG_WARN_CONSTANT_CONVERSION = YES;
				CLANG_WARN_DIRECT_OBJC_ISA_USAGE = YES_ERROR;
				CLANG_WARN_DOCUMENTATION_COMMENTS = YES;
				CLANG_WARN_EMPTY_BODY = YES;
				CLANG_WARN_ENUM_CONVERSION = YES;
				CLANG_WARN_INFINITE_RECURSION = YES;
				CLANG_WARN_INT_CONVERSION = YES;
				CLANG_WARN_OBJC_ROOT_CLASS = YES_ERROR;
				CLANG_WARN_SUSPICIOUS_MOVES = YES;
				CLANG_WARN_UNREACHABLE_CODE = YES;
				CLANG_WARN__DUPLICATE_METHOD_MATCH = YES;
				"CODE_SIGN_IDENTITY[sdk=iphoneos*]" = "iPhone Developer";
				COPY_PHASE_STRIP = NO;
				DEBUG_INFORMATION_FORMAT = dwarf;
				ENABLE_STRICT_OBJC_MSGSEND = YES;
				ENABLE_TESTABILITY = YES;
				GCC_C_LANGUAGE_STANDARD = gnu99;
				GCC_DYNAMIC_NO_PIC = NO;
				GCC_NO_COMMON_BLOCKS = YES;
				GCC_OPTIMIZATION_LEVEL = 0;
				GCC_PREPROCESSOR_DEFINITIONS = (
					"DEBUG=1",
					"$(inherited)",
				);
				GCC_WARN_64_TO_32_BIT_CONVERSION = YES;
				GCC_WARN_ABOUT_RETURN_TYPE = YES_ERROR;
				GCC_WARN_UNDECLARED_SELECTOR = YES;
				GCC_WARN_UNINITIALIZED_AUTOS = YES_AGGRESSIVE;
				GCC_WARN_UNUSED_FUNCTION = YES;
				GCC_WARN_UNUSED_VARIABLE = YES;
				IPHONEOS_DEPLOYMENT_TARGET = 10.0;
				MTL_ENABLE_DEBUG_INFO = YES;
				ONLY_ACTIVE_ARCH = YES;
				SDKROOT = iphoneos;
				SWIFT_ACTIVE_COMPILATION_CONDITIONS = DEBUG;
				SWIFT_OPTIMIZATION_LEVEL = "-Onone";
				TARGETED_DEVICE_FAMILY = "1,2";
			};
			name = Debug;
		};
		1EC621C31E25EC1E00A4FA0A /* Release */ = {
			isa = XCBuildConfiguration;
			buildSettings = {
				ALWAYS_SEARCH_USER_PATHS = NO;
				CLANG_ANALYZER_NONNULL = YES;
				CLANG_CXX_LANGUAGE_STANDARD = "gnu++0x";
				CLANG_CXX_LIBRARY = "libc++";
				CLANG_ENABLE_MODULES = YES;
				CLANG_ENABLE_OBJC_ARC = YES;
				CLANG_WARN_BOOL_CONVERSION = YES;
				CLANG_WARN_CONSTANT_CONVERSION = YES;
				CLANG_WARN_DIRECT_OBJC_ISA_USAGE = YES_ERROR;
				CLANG_WARN_DOCUMENTATION_COMMENTS = YES;
				CLANG_WARN_EMPTY_BODY = YES;
				CLANG_WARN_ENUM_CONVERSION = YES;
				CLANG_WARN_INFINITE_RECURSION = YES;
				CLANG_WARN_INT_CONVERSION = YES;
				CLANG_WARN_OBJC_ROOT_CLASS = YES_ERROR;
				CLANG_WARN_SUSPICIOUS_MOVES = YES;
				CLANG_WARN_UNREACHABLE_CODE = YES;
				CLANG_WARN__DUPLICATE_METHOD_MATCH = YES;
				"CODE_SIGN_IDENTITY[sdk=iphoneos*]" = "iPhone Developer";
				COPY_PHASE_STRIP = NO;
				DEBUG_INFORMATION_FORMAT = "dwarf-with-dsym";
				ENABLE_NS_ASSERTIONS = NO;
				ENABLE_STRICT_OBJC_MSGSEND = YES;
				GCC_C_LANGUAGE_STANDARD = gnu99;
				GCC_NO_COMMON_BLOCKS = YES;
				GCC_WARN_64_TO_32_BIT_CONVERSION = YES;
				GCC_WARN_ABOUT_RETURN_TYPE = YES_ERROR;
				GCC_WARN_UNDECLARED_SELECTOR = YES;
				GCC_WARN_UNINITIALIZED_AUTOS = YES_AGGRESSIVE;
				GCC_WARN_UNUSED_FUNCTION = YES;
				GCC_WARN_UNUSED_VARIABLE = YES;
				IPHONEOS_DEPLOYMENT_TARGET = 10.0;
				MTL_ENABLE_DEBUG_INFO = NO;
				SDKROOT = iphoneos;
				SWIFT_OPTIMIZATION_LEVEL = "-Owholemodule";
				TARGETED_DEVICE_FAMILY = "1,2";
				VALIDATE_PRODUCT = YES;
			};
			name = Release;
		};
		1EC621C51E25EC1E00A4FA0A /* Debug */ = {
			isa = XCBuildConfiguration;
			buildSettings = {
				ASSETCATALOG_COMPILER_APPICON_NAME = AppIcon;
				INFOPLIST_FILE = SectionIndex/Info.plist;
				LD_RUNPATH_SEARCH_PATHS = "$(inherited) @executable_path/Frameworks";
				PRODUCT_BUNDLE_IDENTIFIER = vn.techmaster.SectionIndex;
				PRODUCT_NAME = "$(TARGET_NAME)";
				SWIFT_VERSION = 3.0;
			};
			name = Debug;
		};
		1EC621C61E25EC1E00A4FA0A /* Release */ = {
			isa = XCBuildConfiguration;
			buildSettings = {
				ASSETCATALOG_COMPILER_APPICON_NAME = AppIcon;
				INFOPLIST_FILE = SectionIndex/Info.plist;
				LD_RUNPATH_SEARCH_PATHS = "$(inherited) @executable_path/Frameworks";
				PRODUCT_BUNDLE_IDENTIFIER = vn.techmaster.SectionIndex;
				PRODUCT_NAME = "$(TARGET_NAME)";
				SWIFT_VERSION = 3.0;
			};
			name = Release;
		};
/* End XCBuildConfiguration section */

/* Begin XCConfigurationList section */
		1EC621AD1E25EC1E00A4FA0A /* Build configuration list for PBXProject "SectionIndex" */ = {
			isa = XCConfigurationList;
			buildConfigurations = (
				1EC621C21E25EC1E00A4FA0A /* Debug */,
				1EC621C31E25EC1E00A4FA0A /* Release */,
			);
			defaultConfigurationIsVisible = 0;
			defaultConfigurationName = Release;
		};
		1EC621C41E25EC1E00A4FA0A /* Build configuration list for PBXNativeTarget "SectionIndex" */ = {
			isa = XCConfigurationList;
			buildConfigurations = (
				1EC621C51E25EC1E00A4FA0A /* Debug */,
				1EC621C61E25EC1E00A4FA0A /* Release */,
			);
			defaultConfigurationIsVisible = 0;
		};
/* End XCConfigurationList section */
	};
	rootObject = 1EC621AA1E25EC1E00A4FA0A /* Project object */;
}
